
Microsoft Visual Studio Solution File, Format Version 12.00
# Visual Studio Version 17
VisualStudioVersion = 17.10.34916.146
MinimumVisualStudioVersion = 10.0.40219.1
Project("{2150E333-8FDC-42A3-9474-1A3956D46DE8}") = "src", "src", "{9DB4FDAE-7D71-4176-9BAC-48E94C1C4ADD}"
EndProject
Project("{2150E333-8FDC-42A3-9474-1A3956D46DE8}") = "Microservices", "Microservices", "{8C9EC484-C406-4380-9CAE-40D760309A9E}"
EndProject
Project("{2150E333-8FDC-42A3-9474-1A3956D46DE8}") = "BuildingBlocks", "BuildingBlocks", "{40C61B8F-4A07-4A47-8092-C7486B42BD69}"
EndProject
Project("{2150E333-8FDC-42A3-9474-1A3956D46DE8}") = "Services", "Services", "{99915680-41A4-47DE-915D-D8DE227D311E}"
EndProject
Project("{2150E333-8FDC-42A3-9474-1A3956D46DE8}") = "TwentyOne", "TwentyOne", "{0F3726A1-6FF0-4A38-AF59-0D2753DEC617}"
EndProject
Project("{2150E333-8FDC-42A3-9474-1A3956D46DE8}") = "Durak", "Durak", "{32F1079B-3313-433C-91DC-F6AAD77E902D}"
EndProject
Project("{2150E333-8FDC-42A3-9474-1A3956D46DE8}") = "Poker", "Poker", "{2180A578-C487-48AE-B625-25BBA89999D8}"
EndProject
Project("{2150E333-8FDC-42A3-9474-1A3956D46DE8}") = "GameEngine", "GameEngine", "{2FBDF8F6-BF62-4194-BC0A-97924719E752}"
EndProject
Project("{9A19103F-16F7-4668-BE54-9A1E7A4F7556}") = "CardGames.Domain", "src\Microservices\BuildingBlocks\CardGames.Domain\CardGames.Domain.csproj", "{8EBD8CB3-2CA1-4AD3-B478-0B1A0763626B}"
EndProject
Project("{9A19103F-16F7-4668-BE54-9A1E7A4F7556}") = "CardGames.Infrastructure", "src\Microservices\BuildingBlocks\CardGames.Infrastructure\CardGames.Infrastructure.csproj", "{4A876622-CF27-409D-9A30-6DCF22EADAB7}"
EndProject
Project("{9A19103F-16F7-4668-BE54-9A1E7A4F7556}") = "CardGames.GameEngine", "src\Microservices\GameEngine\CardGames.GameEngine\CardGames.GameEngine.csproj", "{1E33888E-8070-4F9A-A8E9-296898CAD36E}"
EndProject
Project("{9A19103F-16F7-4668-BE54-9A1E7A4F7556}") = "CardGames.GameEngine.OpenGLApp", "src\Microservices\GameEngine\CardGames.GameEngine.OpenGLApp\CardGames.GameEngine.OpenGLApp.csproj", "{3974B309-D7CD-4DBC-8358-87840C464D0C}"
EndProject
Project("{2150E333-8FDC-42A3-9474-1A3956D46DE8}") = "GameLogic", "GameLogic", "{AC59B80D-E58F-458F-98DF-68F49A261FC2}"
EndProject
Project("{9A19103F-16F7-4668-BE54-9A1E7A4F7556}") = "CardGames.GameLogic", "src\Microservices\GameLogic\CardGames.GameLogic\CardGames.GameLogic.csproj", "{499C374C-55BB-47C6-BA33-863D12F26C7F}"
EndProject
Project("{9A19103F-16F7-4668-BE54-9A1E7A4F7556}") = "CardGames.GameLogic.Tests", "src\Microservices\GameLogic\CardGames.GameLogic.Tests\CardGames.GameLogic.Tests.csproj", "{30C272FA-2A22-4A95-953D-DBFC5FFC9A3A}"
EndProject
Project("{9A19103F-16F7-4668-BE54-9A1E7A4F7556}") = "CardGames.Durak", "src\Microservices\Services\Durak\CardGames.Durak\CardGames.Durak.csproj", "{B88100A2-D9A3-4D68-972B-61CD13EE848B}"
EndProject
Project("{9A19103F-16F7-4668-BE54-9A1E7A4F7556}") = "CardGames.Durak.Tests", "src\Microservices\Services\Durak\CardGames.Durak.Tests\CardGames.Durak.Tests.csproj", "{3F980314-089F-42EC-A49F-92A697B96E56}"
EndProject
Project("{9A19103F-16F7-4668-BE54-9A1E7A4F7556}") = "CardGames.Poker", "src\Microservices\Services\Poker\CardGames.Poker\CardGames.Poker.csproj", "{71048329-AD04-4E59-8CD5-6A5C0DE209DC}"
EndProject
Project("{9A19103F-16F7-4668-BE54-9A1E7A4F7556}") = "CardGames.Poker.Tests", "src\Microservices\Services\Poker\CardGames.Poker.Tests\CardGames.Poker.Tests.csproj", "{ACA0AAA5-C0A5-4F0D-A500-774B199B9763}"
EndProject
Project("{FAE04EC0-301F-11D3-BF4B-00C04F79EFBC}") = "CardGames.TwentyOne", "src\Microservices\Services\TwentyOne\CardGames.TwentyOne\CardGames.TwentyOne.csproj", "{3630A567-3606-4F06-B4E6-3F911F88556D}"
EndProject
Project("{FAE04EC0-301F-11D3-BF4B-00C04F79EFBC}") = "CardGames.TwentyOne.Tests", "src\Microservices\Services\TwentyOne\CardGames.TwentyOne.Tests\CardGames.TwentyOne.Tests.csproj", "{2793570A-3924-4D69-8F5C-A7A3F757BAF8}"
EndProject
Global
	GlobalSection(SolutionConfigurationPlatforms) = preSolution
		Debug|Any CPU = Debug|Any CPU
		Release|Any CPU = Release|Any CPU
	EndGlobalSection
	GlobalSection(ProjectConfigurationPlatforms) = postSolution
		{8EBD8CB3-2CA1-4AD3-B478-0B1A0763626B}.Debug|Any CPU.ActiveCfg = Debug|Any CPU
		{8EBD8CB3-2CA1-4AD3-B478-0B1A0763626B}.Debug|Any CPU.Build.0 = Debug|Any CPU
		{8EBD8CB3-2CA1-4AD3-B478-0B1A0763626B}.Release|Any CPU.ActiveCfg = Release|Any CPU
		{8EBD8CB3-2CA1-4AD3-B478-0B1A0763626B}.Release|Any CPU.Build.0 = Release|Any CPU
		{4A876622-CF27-409D-9A30-6DCF22EADAB7}.Debug|Any CPU.ActiveCfg = Debug|Any CPU
		{4A876622-CF27-409D-9A30-6DCF22EADAB7}.Debug|Any CPU.Build.0 = Debug|Any CPU
		{4A876622-CF27-409D-9A30-6DCF22EADAB7}.Release|Any CPU.ActiveCfg = Release|Any CPU
		{4A876622-CF27-409D-9A30-6DCF22EADAB7}.Release|Any CPU.Build.0 = Release|Any CPU
		{1E33888E-8070-4F9A-A8E9-296898CAD36E}.Debug|Any CPU.ActiveCfg = Debug|Any CPU
		{1E33888E-8070-4F9A-A8E9-296898CAD36E}.Debug|Any CPU.Build.0 = Debug|Any CPU
		{1E33888E-8070-4F9A-A8E9-296898CAD36E}.Release|Any CPU.ActiveCfg = Release|Any CPU
		{1E33888E-8070-4F9A-A8E9-296898CAD36E}.Release|Any CPU.Build.0 = Release|Any CPU
		{3974B309-D7CD-4DBC-8358-87840C464D0C}.Debug|Any CPU.ActiveCfg = Debug|Any CPU
		{3974B309-D7CD-4DBC-8358-87840C464D0C}.Debug|Any CPU.Build.0 = Debug|Any CPU
		{3974B309-D7CD-4DBC-8358-87840C464D0C}.Release|Any CPU.ActiveCfg = Release|Any CPU
		{3974B309-D7CD-4DBC-8358-87840C464D0C}.Release|Any CPU.Build.0 = Release|Any CPU
		{499C374C-55BB-47C6-BA33-863D12F26C7F}.Debug|Any CPU.ActiveCfg = Debug|Any CPU
		{499C374C-55BB-47C6-BA33-863D12F26C7F}.Debug|Any CPU.Build.0 = Debug|Any CPU
		{499C374C-55BB-47C6-BA33-863D12F26C7F}.Release|Any CPU.ActiveCfg = Release|Any CPU
		{499C374C-55BB-47C6-BA33-863D12F26C7F}.Release|Any CPU.Build.0 = Release|Any CPU
		{30C272FA-2A22-4A95-953D-DBFC5FFC9A3A}.Debug|Any CPU.ActiveCfg = Debug|Any CPU
		{30C272FA-2A22-4A95-953D-DBFC5FFC9A3A}.Debug|Any CPU.Build.0 = Debug|Any CPU
		{30C272FA-2A22-4A95-953D-DBFC5FFC9A3A}.Release|Any CPU.ActiveCfg = Release|Any CPU
		{30C272FA-2A22-4A95-953D-DBFC5FFC9A3A}.Release|Any CPU.Build.0 = Release|Any CPU
		{B88100A2-D9A3-4D68-972B-61CD13EE848B}.Debug|Any CPU.ActiveCfg = Debug|Any CPU
		{B88100A2-D9A3-4D68-972B-61CD13EE848B}.Debug|Any CPU.Build.0 = Debug|Any CPU
		{B88100A2-D9A3-4D68-972B-61CD13EE848B}.Release|Any CPU.ActiveCfg = Release|Any CPU
		{B88100A2-D9A3-4D68-972B-61CD13EE848B}.Release|Any CPU.Build.0 = Release|Any CPU
		{3F980314-089F-42EC-A49F-92A697B96E56}.Debug|Any CPU.ActiveCfg = Debug|Any CPU
		{3F980314-089F-42EC-A49F-92A697B96E56}.Debug|Any CPU.Build.0 = Debug|Any CPU
		{3F980314-089F-42EC-A49F-92A697B96E56}.Release|Any CPU.ActiveCfg = Release|Any CPU
		{3F980314-089F-42EC-A49F-92A697B96E56}.Release|Any CPU.Build.0 = Release|Any CPU
		{71048329-AD04-4E59-8CD5-6A5C0DE209DC}.Debug|Any CPU.ActiveCfg = Debug|Any CPU
		{71048329-AD04-4E59-8CD5-6A5C0DE209DC}.Debug|Any CPU.Build.0 = Debug|Any CPU
		{71048329-AD04-4E59-8CD5-6A5C0DE209DC}.Release|Any CPU.ActiveCfg = Release|Any CPU
		{71048329-AD04-4E59-8CD5-6A5C0DE209DC}.Release|Any CPU.Build.0 = Release|Any CPU
		{ACA0AAA5-C0A5-4F0D-A500-774B199B9763}.Debug|Any CPU.ActiveCfg = Debug|Any CPU
		{ACA0AAA5-C0A5-4F0D-A500-774B199B9763}.Debug|Any CPU.Build.0 = Debug|Any CPU
		{ACA0AAA5-C0A5-4F0D-A500-774B199B9763}.Release|Any CPU.ActiveCfg = Release|Any CPU
		{ACA0AAA5-C0A5-4F0D-A500-774B199B9763}.Release|Any CPU.Build.0 = Release|Any CPU
		{3630A567-3606-4F06-B4E6-3F911F88556D}.Debug|Any CPU.ActiveCfg = Debug|Any CPU
		{3630A567-3606-4F06-B4E6-3F911F88556D}.Debug|Any CPU.Build.0 = Debug|Any CPU
		{3630A567-3606-4F06-B4E6-3F911F88556D}.Release|Any CPU.ActiveCfg = Release|Any CPU
		{3630A567-3606-4F06-B4E6-3F911F88556D}.Release|Any CPU.Build.0 = Release|Any CPU
		{2793570A-3924-4D69-8F5C-A7A3F757BAF8}.Debug|Any CPU.ActiveCfg = Debug|Any CPU
		{2793570A-3924-4D69-8F5C-A7A3F757BAF8}.Debug|Any CPU.Build.0 = Debug|Any CPU
		{2793570A-3924-4D69-8F5C-A7A3F757BAF8}.Release|Any CPU.ActiveCfg = Release|Any CPU
		{2793570A-3924-4D69-8F5C-A7A3F757BAF8}.Release|Any CPU.Build.0 = Release|Any CPU
	EndGlobalSection
	GlobalSection(SolutionProperties) = preSolution
		HideSolutionNode = FALSE
	EndGlobalSection
	GlobalSection(NestedProjects) = preSolution
		{8C9EC484-C406-4380-9CAE-40D760309A9E} = {9DB4FDAE-7D71-4176-9BAC-48E94C1C4ADD}
		{40C61B8F-4A07-4A47-8092-C7486B42BD69} = {8C9EC484-C406-4380-9CAE-40D760309A9E}
		{99915680-41A4-47DE-915D-D8DE227D311E} = {8C9EC484-C406-4380-9CAE-40D760309A9E}
		{0F3726A1-6FF0-4A38-AF59-0D2753DEC617} = {99915680-41A4-47DE-915D-D8DE227D311E}
		{32F1079B-3313-433C-91DC-F6AAD77E902D} = {99915680-41A4-47DE-915D-D8DE227D311E}
		{2180A578-C487-48AE-B625-25BBA89999D8} = {99915680-41A4-47DE-915D-D8DE227D311E}
		{2FBDF8F6-BF62-4194-BC0A-97924719E752} = {8C9EC484-C406-4380-9CAE-40D760309A9E}
		{8EBD8CB3-2CA1-4AD3-B478-0B1A0763626B} = {40C61B8F-4A07-4A47-8092-C7486B42BD69}
		{4A876622-CF27-409D-9A30-6DCF22EADAB7} = {40C61B8F-4A07-4A47-8092-C7486B42BD69}
		{1E33888E-8070-4F9A-A8E9-296898CAD36E} = {2FBDF8F6-BF62-4194-BC0A-97924719E752}
		{3974B309-D7CD-4DBC-8358-87840C464D0C} = {2FBDF8F6-BF62-4194-BC0A-97924719E752}
		{AC59B80D-E58F-458F-98DF-68F49A261FC2} = {8C9EC484-C406-4380-9CAE-40D760309A9E}
		{499C374C-55BB-47C6-BA33-863D12F26C7F} = {AC59B80D-E58F-458F-98DF-68F49A261FC2}
		{30C272FA-2A22-4A95-953D-DBFC5FFC9A3A} = {AC59B80D-E58F-458F-98DF-68F49A261FC2}
		{B88100A2-D9A3-4D68-972B-61CD13EE848B} = {32F1079B-3313-433C-91DC-F6AAD77E902D}
		{3F980314-089F-42EC-A49F-92A697B96E56} = {32F1079B-3313-433C-91DC-F6AAD77E902D}
		{71048329-AD04-4E59-8CD5-6A5C0DE209DC} = {2180A578-C487-48AE-B625-25BBA89999D8}
		{ACA0AAA5-C0A5-4F0D-A500-774B199B9763} = {2180A578-C487-48AE-B625-25BBA89999D8}
		{3630A567-3606-4F06-B4E6-3F911F88556D} = {0F3726A1-6FF0-4A38-AF59-0D2753DEC617}
		{2793570A-3924-4D69-8F5C-A7A3F757BAF8} = {0F3726A1-6FF0-4A38-AF59-0D2753DEC617}
	EndGlobalSection
	GlobalSection(ExtensibilityGlobals) = postSolution
		SolutionGuid = {592FE574-65F7-4E45-8D43-ACC1B8BD6FCB}
	EndGlobalSection
EndGlobal
